
Microsoft Visual Studio Solution File, Format Version 12.00
# Visual Studio 15
VisualStudioVersion = 15.0.28307.136
MinimumVisualStudioVersion = 10.0.40219.1
Project("{FAE04EC0-301F-11D3-BF4B-00C04F79EFBC}") = "NoteAppUI", "NoteAppUI\NoteAppUI.csproj", "{E1A24868-C0D6-4CA1-A3B3-AFBC0803A8F1}"
EndProject
Project("{FAE04EC0-301F-11D3-BF4B-00C04F79EFBC}") = "NoteApp", "NoteApp\NoteApp.csproj", "{D25EE7CF-902B-4EA9-B25E-0F1B92976C3E}"
EndProject
Project("{FAE04EC0-301F-11D3-BF4B-00C04F79EFBC}") = "NoteApp.UnitTests", "NoteApp.UnitTests\NoteApp.UnitTests.csproj", "{A950588D-F310-4EBD-B78D-E1F20495232F}"
EndProject
Global
	GlobalSection(SolutionConfigurationPlatforms) = preSolution
		Debug|Any CPU = Debug|Any CPU
		Debug|ARM = Debug|ARM
		Debug|ARM64 = Debug|ARM64
		Debug|x64 = Debug|x64
		Debug|x86 = Debug|x86
		Release|Any CPU = Release|Any CPU
		Release|ARM = Release|ARM
		Release|ARM64 = Release|ARM64
		Release|x64 = Release|x64
		Release|x86 = Release|x86
	EndGlobalSection
	GlobalSection(ProjectConfigurationPlatforms) = postSolution
		{E1A24868-C0D6-4CA1-A3B3-AFBC0803A8F1}.Debug|Any CPU.ActiveCfg = Debug|Any CPU
		{E1A24868-C0D6-4CA1-A3B3-AFBC0803A8F1}.Debug|Any CPU.Build.0 = Debug|Any CPU
		{E1A24868-C0D6-4CA1-A3B3-AFBC0803A8F1}.Debug|ARM.ActiveCfg = Debug|Any CPU
		{E1A24868-C0D6-4CA1-A3B3-AFBC0803A8F1}.Debug|ARM.Build.0 = Debug|Any CPU
		{E1A24868-C0D6-4CA1-A3B3-AFBC0803A8F1}.Debug|ARM64.ActiveCfg = Debug|Any CPU
		{E1A24868-C0D6-4CA1-A3B3-AFBC0803A8F1}.Debug|ARM64.Build.0 = Debug|Any CPU
		{E1A24868-C0D6-4CA1-A3B3-AFBC0803A8F1}.Debug|x64.ActiveCfg = Debug|Any CPU
		{E1A24868-C0D6-4CA1-A3B3-AFBC0803A8F1}.Debug|x64.Build.0 = Debug|Any CPU
		{E1A24868-C0D6-4CA1-A3B3-AFBC0803A8F1}.Debug|x86.ActiveCfg = Debug|Any CPU
		{E1A24868-C0D6-4CA1-A3B3-AFBC0803A8F1}.Debug|x86.Build.0 = Debug|Any CPU
		{E1A24868-C0D6-4CA1-A3B3-AFBC0803A8F1}.Release|Any CPU.ActiveCfg = Release|Any CPU
		{E1A24868-C0D6-4CA1-A3B3-AFBC0803A8F1}.Release|Any CPU.Build.0 = Release|Any CPU
		{E1A24868-C0D6-4CA1-A3B3-AFBC0803A8F1}.Release|ARM.ActiveCfg = Release|Any CPU
		{E1A24868-C0D6-4CA1-A3B3-AFBC0803A8F1}.Release|ARM.Build.0 = Release|Any CPU
		{E1A24868-C0D6-4CA1-A3B3-AFBC0803A8F1}.Release|ARM64.ActiveCfg = Release|Any CPU
		{E1A24868-C0D6-4CA1-A3B3-AFBC0803A8F1}.Release|ARM64.Build.0 = Release|Any CPU
		{E1A24868-C0D6-4CA1-A3B3-AFBC0803A8F1}.Release|x64.ActiveCfg = Release|Any CPU
		{E1A24868-C0D6-4CA1-A3B3-AFBC0803A8F1}.Release|x64.Build.0 = Release|Any CPU
		{E1A24868-C0D6-4CA1-A3B3-AFBC0803A8F1}.Release|x86.ActiveCfg = Release|Any CPU
		{E1A24868-C0D6-4CA1-A3B3-AFBC0803A8F1}.Release|x86.Build.0 = Release|Any CPU
		{D25EE7CF-902B-4EA9-B25E-0F1B92976C3E}.Debug|Any CPU.ActiveCfg = Debug|Any CPU
		{D25EE7CF-902B-4EA9-B25E-0F1B92976C3E}.Debug|Any CPU.Build.0 = Debug|Any CPU
		{D25EE7CF-902B-4EA9-B25E-0F1B92976C3E}.Debug|ARM.ActiveCfg = Debug|Any CPU
		{D25EE7CF-902B-4EA9-B25E-0F1B92976C3E}.Debug|ARM.Build.0 = Debug|Any CPU
		{D25EE7CF-902B-4EA9-B25E-0F1B92976C3E}.Debug|ARM64.ActiveCfg = Debug|Any CPU
		{D25EE7CF-902B-4EA9-B25E-0F1B92976C3E}.Debug|ARM64.Build.0 = Debug|Any CPU
		{D25EE7CF-902B-4EA9-B25E-0F1B92976C3E}.Debug|x64.ActiveCfg = Debug|Any CPU
		{D25EE7CF-902B-4EA9-B25E-0F1B92976C3E}.Debug|x64.Build.0 = Debug|Any CPU
		{D25EE7CF-902B-4EA9-B25E-0F1B92976C3E}.Debug|x86.ActiveCfg = Debug|Any CPU
		{D25EE7CF-902B-4EA9-B25E-0F1B92976C3E}.Debug|x86.Build.0 = Debug|Any CPU
		{D25EE7CF-902B-4EA9-B25E-0F1B92976C3E}.Release|Any CPU.ActiveCfg = Release|Any CPU
		{D25EE7CF-902B-4EA9-B25E-0F1B92976C3E}.Release|Any CPU.Build.0 = Release|Any CPU
		{D25EE7CF-902B-4EA9-B25E-0F1B92976C3E}.Release|ARM.ActiveCfg = Release|Any CPU
		{D25EE7CF-902B-4EA9-B25E-0F1B92976C3E}.Release|ARM.Build.0 = Release|Any CPU
		{D25EE7CF-902B-4EA9-B25E-0F1B92976C3E}.Release|ARM64.ActiveCfg = Release|Any CPU
		{D25EE7CF-902B-4EA9-B25E-0F1B92976C3E}.Release|ARM64.Build.0 = Release|Any CPU
		{D25EE7CF-902B-4EA9-B25E-0F1B92976C3E}.Release|x64.ActiveCfg = Release|Any CPU
		{D25EE7CF-902B-4EA9-B25E-0F1B92976C3E}.Release|x64.Build.0 = Release|Any CPU
		{D25EE7CF-902B-4EA9-B25E-0F1B92976C3E}.Release|x86.ActiveCfg = Release|Any CPU
		{D25EE7CF-902B-4EA9-B25E-0F1B92976C3E}.Release|x86.Build.0 = Release|Any CPU
		{A950588D-F310-4EBD-B78D-E1F20495232F}.Debug|Any CPU.ActiveCfg = Debug|Any CPU
		{A950588D-F310-4EBD-B78D-E1F20495232F}.Debug|Any CPU.Build.0 = Debug|Any CPU
		{A950588D-F310-4EBD-B78D-E1F20495232F}.Debug|ARM.ActiveCfg = Debug|Any CPU
		{A950588D-F310-4EBD-B78D-E1F20495232F}.Debug|ARM.Build.0 = Debug|Any CPU
		{A950588D-F310-4EBD-B78D-E1F20495232F}.Debug|ARM64.ActiveCfg = Debug|Any CPU
		{A950588D-F310-4EBD-B78D-E1F20495232F}.Debug|ARM64.Build.0 = Debug|Any CPU
		{A950588D-F310-4EBD-B78D-E1F20495232F}.Debug|x64.ActiveCfg = Debug|Any CPU
		{A950588D-F310-4EBD-B78D-E1F20495232F}.Debug|x64.Build.0 = Debug|Any CPU
		{A950588D-F310-4EBD-B78D-E1F20495232F}.Debug|x86.ActiveCfg = Debug|Any CPU
		{A950588D-F310-4EBD-B78D-E1F20495232F}.Debug|x86.Build.0 = Debug|Any CPU
		{A950588D-F310-4EBD-B78D-E1F20495232F}.Release|Any CPU.ActiveCfg = Release|Any CPU
		{A950588D-F310-4EBD-B78D-E1F20495232F}.Release|Any CPU.Build.0 = Release|Any CPU
		{A950588D-F310-4EBD-B78D-E1F20495232F}.Release|ARM.ActiveCfg = Release|Any CPU
		{A950588D-F310-4EBD-B78D-E1F20495232F}.Release|ARM.Build.0 = Release|Any CPU
		{A950588D-F310-4EBD-B78D-E1F20495232F}.Release|ARM64.ActiveCfg = Release|Any CPU
		{A950588D-F310-4EBD-B78D-E1F20495232F}.Release|ARM64.Build.0 = Release|Any CPU
		{A950588D-F310-4EBD-B78D-E1F20495232F}.Release|x64.ActiveCfg = Release|Any CPU
		{A950588D-F310-4EBD-B78D-E1F20495232F}.Release|x64.Build.0 = Release|Any CPU
		{A950588D-F310-4EBD-B78D-E1F20495232F}.Release|x86.ActiveCfg = Release|Any CPU
		{A950588D-F310-4EBD-B78D-E1F20495232F}.Release|x86.Build.0 = Release|Any CPU
	EndGlobalSection
	GlobalSection(SolutionProperties) = preSolution
		HideSolutionNode = FALSE
	EndGlobalSection
	GlobalSection(ExtensibilityGlobals) = postSolution
		SolutionGuid = {076A048E-6196-41CF-AC58-47ED0A25CF70}
	EndGlobalSection
EndGlobal
